
Microsoft Visual Studio Solution File, Format Version 12.00
# Visual Studio Version 17
VisualStudioVersion = 17.14.36203.30 d17.14
MinimumVisualStudioVersion = 10.0.40219.1
Project("{FAE04EC0-301F-11D3-BF4B-00C04F79EFBC}") = "Cooldown_Tracker", "Cooldown_Tracker.csproj", "{3165E900-380D-4CCE-B211-C75F8B6668B1}"
EndProject
Global
	GlobalSection(SolutionConfigurationPlatforms) = preSolution
		Debug|Any CPU = Debug|Any CPU
		Release|Any CPU = Release|Any CPU
	EndGlobalSection
	GlobalSection(ProjectConfigurationPlatforms) = postSolution
		{3165E900-380D-4CCE-B211-C75F8B6668B1}.Debug|Any CPU.ActiveCfg = Debug|Any CPU
		{3165E900-380D-4CCE-B211-C75F8B6668B1}.Debug|Any CPU.Build.0 = Debug|Any CPU
		{3165E900-380D-4CCE-B211-C75F8B6668B1}.Release|Any CPU.ActiveCfg = Release|Any CPU
		{3165E900-380D-4CCE-B211-C75F8B6668B1}.Release|Any CPU.Build.0 = Release|Any CPU
	EndGlobalSection
	GlobalSection(SolutionProperties) = preSolution
		HideSolutionNode = FALSE
	EndGlobalSection
	GlobalSection(ExtensibilityGlobals) = postSolution
		SolutionGuid = {E197EED5-2FB6-4CB4-AAAD-868C3A735C7F}
	EndGlobalSection
EndGlobal
